
Microsoft Visual Studio Solution File, Format Version 12.00
# Visual Studio Version 17
VisualStudioVersion = 17.14.36401.2 d17.14
MinimumVisualStudioVersion = 10.0.40219.1
Project("{FAE04EC0-301F-11D3-BF4B-00C04F79EFBC}") = "ADOFAI_AP", "ADOFAI_AP\ADOFAI_AP.csproj", "{0AEF1A79-482F-4737-8D42-75AF73CFAAA3}"
EndProject
Global
	GlobalSection(SolutionConfigurationPlatforms) = preSolution
		Debug|Any CPU = Debug|Any CPU
		Release|Any CPU = Release|Any CPU
	EndGlobalSection
	GlobalSection(ProjectConfigurationPlatforms) = postSolution
		{0AEF1A79-482F-4737-8D42-75AF73CFAAA3}.Debug|Any CPU.ActiveCfg = Debug|Any CPU
		{0AEF1A79-482F-4737-8D42-75AF73CFAAA3}.Debug|Any CPU.Build.0 = Debug|Any CPU
		{0AEF1A79-482F-4737-8D42-75AF73CFAAA3}.Release|Any CPU.ActiveCfg = Release|Any CPU
		{0AEF1A79-482F-4737-8D42-75AF73CFAAA3}.Release|Any CPU.Build.0 = Release|Any CPU
	EndGlobalSection
	GlobalSection(SolutionProperties) = preSolution
		HideSolutionNode = FALSE
	EndGlobalSection
	GlobalSection(ExtensibilityGlobals) = postSolution
		SolutionGuid = {98FADEF8-11AA-43E0-81B3-5B893A2AEDF7}
	EndGlobalSection
EndGlobal
